// !$*UTF8*$!
{
	archiveVersion = 1;
	classes = {
	};
	objectVersion = 46;
	objects = {

/* Begin PBXBuildFile section */
		F95011021410085700E0C946 /* Icon@2x.png in Resources */ = {isa = PBXBuildFile; fileRef = F95011011410085700E0C946 /* Icon@2x.png */; };
		F950110714100A4E00E0C946 /* Icon-Small.png in Resources */ = {isa = PBXBuildFile; fileRef = F950110614100A4E00E0C946 /* Icon-Small.png */; };
		F980479D1404ED56001D70F1 /* UIKit.framework in Frameworks */ = {isa = PBXBuildFile; fileRef = F980479C1404ED56001D70F1 /* UIKit.framework */; };
		F980479F1404ED56001D70F1 /* Foundation.framework in Frameworks */ = {isa = PBXBuildFile; fileRef = F980479E1404ED56001D70F1 /* Foundation.framework */; };
		F98047A11404ED56001D70F1 /* CoreGraphics.framework in Frameworks */ = {isa = PBXBuildFile; fileRef = F98047A01404ED56001D70F1 /* CoreGraphics.framework */; };
		F98047A71404ED56001D70F1 /* InfoPlist.strings in Resources */ = {isa = PBXBuildFile; fileRef = F98047A51404ED56001D70F1 /* InfoPlist.strings */; };
		F98047AA1404ED57001D70F1 /* main.m in Sources */ = {isa = PBXBuildFile; fileRef = F98047A91404ED57001D70F1 /* main.m */; };
		F98047AD1404ED57001D70F1 /* uxAppDelegate.m in Sources */ = {isa = PBXBuildFile; fileRef = F98047AC1404ED57001D70F1 /* uxAppDelegate.m */; };
		F98047B01404ED57001D70F1 /* MainWindow.xib in Resources */ = {isa = PBXBuildFile; fileRef = F98047AE1404ED57001D70F1 /* MainWindow.xib */; };
		F98047C21404EE7A001D70F1 /* 09-chat-2.png in Resources */ = {isa = PBXBuildFile; fileRef = F98047BF1404EE7A001D70F1 /* 09-chat-2.png */; };
		F98047C31404EE7A001D70F1 /* 59-info.png in Resources */ = {isa = PBXBuildFile; fileRef = F98047C01404EE7A001D70F1 /* 59-info.png */; };
		F98047C41404EE7A001D70F1 /* logo.png in Resources */ = {isa = PBXBuildFile; fileRef = F98047C11404EE7A001D70F1 /* logo.png */; };
/* End PBXBuildFile section */

/* Begin PBXFileReference section */
		F95011011410085700E0C946 /* Icon@2x.png */ = {isa = PBXFileReference; lastKnownFileType = image.png; name = "Icon@2x.png"; path = "../Icon@2x.png"; sourceTree = "<group>"; };
		F950110614100A4E00E0C946 /* Icon-Small.png */ = {isa = PBXFileReference; lastKnownFileType = image.png; name = "Icon-Small.png"; path = "../Icon-Small.png"; sourceTree = "<group>"; };
		F98047981404ED56001D70F1 /* ux.app */ = {isa = PBXFileReference; explicitFileType = wrapper.application; includeInIndex = 0; path = ux.app; sourceTree = BUILT_PRODUCTS_DIR; };
		F980479C1404ED56001D70F1 /* UIKit.framework */ = {isa = PBXFileReference; lastKnownFileType = wrapper.framework; name = UIKit.framework; path = System/Library/Frameworks/UIKit.framework; sourceTree = SDKROOT; };
		F980479E1404ED56001D70F1 /* Foundation.framework */ = {isa = PBXFileReference; lastKnownFileType = wrapper.framework; name = Foundation.framework; path = System/Library/Frameworks/Foundation.framework; sourceTree = SDKROOT; };
		F98047A01404ED56001D70F1 /* CoreGraphics.framework */ = {isa = PBXFileReference; lastKnownFileType = wrapper.framework; name = CoreGraphics.framework; path = System/Library/Frameworks/CoreGraphics.framework; sourceTree = SDKROOT; };
		F98047A41404ED56001D70F1 /* ux-Info.plist */ = {isa = PBXFileReference; lastKnownFileType = text.plist.xml; path = "ux-Info.plist"; sourceTree = "<group>"; };
		F98047A61404ED56001D70F1 /* en */ = {isa = PBXFileReference; lastKnownFileType = text.plist.strings; name = en; path = en.lproj/InfoPlist.strings; sourceTree = "<group>"; };
		F98047A81404ED57001D70F1 /* ux-Prefix.pch */ = {isa = PBXFileReference; lastKnownFileType = sourcecode.c.h; path = "ux-Prefix.pch"; sourceTree = "<group>"; };
		F98047A91404ED57001D70F1 /* main.m */ = {isa = PBXFileReference; lastKnownFileType = sourcecode.c.objc; path = main.m; sourceTree = "<group>"; };
		F98047AB1404ED57001D70F1 /* uxAppDelegate.h */ = {isa = PBXFileReference; lastKnownFileType = sourcecode.c.h; path = uxAppDelegate.h; sourceTree = "<group>"; };
		F98047AC1404ED57001D70F1 /* uxAppDelegate.m */ = {isa = PBXFileReference; lastKnownFileType = sourcecode.c.objc; path = uxAppDelegate.m; sourceTree = "<group>"; };
		F98047AF1404ED57001D70F1 /* en */ = {isa = PBXFileReference; lastKnownFileType = file.xib; name = en; path = en.lproj/MainWindow.xib; sourceTree = "<group>"; };
		F98047BF1404EE7A001D70F1 /* 09-chat-2.png */ = {isa = PBXFileReference; lastKnownFileType = image.png; path = "09-chat-2.png"; sourceTree = "<group>"; };
		F98047C01404EE7A001D70F1 /* 59-info.png */ = {isa = PBXFileReference; lastKnownFileType = image.png; path = "59-info.png"; sourceTree = "<group>"; };
		F98047C11404EE7A001D70F1 /* logo.png */ = {isa = PBXFileReference; lastKnownFileType = image.png; path = logo.png; sourceTree = "<group>"; };
/* End PBXFileReference section */

/* Begin PBXFrameworksBuildPhase section */
		F98047951404ED56001D70F1 /* Frameworks */ = {
			isa = PBXFrameworksBuildPhase;
			buildActionMask = 2147483647;
			files = (
				F980479D1404ED56001D70F1 /* UIKit.framework in Frameworks */,
				F980479F1404ED56001D70F1 /* Foundation.framework in Frameworks */,
				F98047A11404ED56001D70F1 /* CoreGraphics.framework in Frameworks */,
			);
			runOnlyForDeploymentPostprocessing = 0;
		};
/* End PBXFrameworksBuildPhase section */

/* Begin PBXGroup section */
		F980478D1404ED56001D70F1 = {
			isa = PBXGroup;
			children = (
				F98047C51404EE87001D70F1 /* Resorces */,
				F98047A21404ED56001D70F1 /* ux */,
				F980479B1404ED56001D70F1 /* Frameworks */,
				F98047991404ED56001D70F1 /* Products */,
			);
			sourceTree = "<group>";
		};
		F98047991404ED56001D70F1 /* Products */ = {
			isa = PBXGroup;
			children = (
				F98047981404ED56001D70F1 /* ux.app */,
			);
			name = Products;
			sourceTree = "<group>";
		};
		F980479B1404ED56001D70F1 /* Frameworks */ = {
			isa = PBXGroup;
			children = (
				F980479C1404ED56001D70F1 /* UIKit.framework */,
				F980479E1404ED56001D70F1 /* Foundation.framework */,
				F98047A01404ED56001D70F1 /* CoreGraphics.framework */,
			);
			name = Frameworks;
			sourceTree = "<group>";
		};
		F98047A21404ED56001D70F1 /* ux */ = {
			isa = PBXGroup;
			children = (
				F98047AB1404ED57001D70F1 /* uxAppDelegate.h */,
				F98047AC1404ED57001D70F1 /* uxAppDelegate.m */,
				F98047AE1404ED57001D70F1 /* MainWindow.xib */,
				F98047A31404ED56001D70F1 /* Supporting Files */,
			);
			path = ux;
			sourceTree = "<group>";
		};
		F98047A31404ED56001D70F1 /* Supporting Files */ = {
			isa = PBXGroup;
			children = (
				F98047A41404ED56001D70F1 /* ux-Info.plist */,
				F98047A51404ED56001D70F1 /* InfoPlist.strings */,
				F98047A81404ED57001D70F1 /* ux-Prefix.pch */,
				F98047A91404ED57001D70F1 /* main.m */,
			);
			name = "Supporting Files";
			sourceTree = "<group>";
		};
		F98047C51404EE87001D70F1 /* Resorces */ = {
			isa = PBXGroup;
			children = (
				F950110614100A4E00E0C946 /* Icon-Small.png */,
				F95011011410085700E0C946 /* Icon@2x.png */,
				F98047BF1404EE7A001D70F1 /* 09-chat-2.png */,
				F98047C01404EE7A001D70F1 /* 59-info.png */,
				F98047C11404EE7A001D70F1 /* logo.png */,
			);
			name = Resorces;
			path = ux;
			sourceTree = "<group>";
		};
/* End PBXGroup section */

/* Begin PBXNativeTarget section */
		F98047971404ED56001D70F1 /* ux */ = {
			isa = PBXNativeTarget;
			buildConfigurationList = F98047B31404ED57001D70F1 /* Build configuration list for PBXNativeTarget "ux" */;
			buildPhases = (
				F98047941404ED56001D70F1 /* Sources */,
				F98047951404ED56001D70F1 /* Frameworks */,
				F98047961404ED56001D70F1 /* Resources */,
			);
			buildRules = (
			);
			dependencies = (
			);
			name = ux;
			productName = ux;
			productReference = F98047981404ED56001D70F1 /* ux.app */;
			productType = "com.apple.product-type.application";
		};
/* End PBXNativeTarget section */

/* Begin PBXProject section */
		F980478F1404ED56001D70F1 /* Project object */ = {
			isa = PBXProject;
			attributes = {
				ORGANIZATIONNAME = hatch2;
			};
			buildConfigurationList = F98047921404ED56001D70F1 /* Build configuration list for PBXProject "ux" */;
			compatibilityVersion = "Xcode 3.2";
			developmentRegion = English;
			hasScannedForEncodings = 0;
			knownRegions = (
				en,
			);
			mainGroup = F980478D1404ED56001D70F1;
			productRefGroup = F98047991404ED56001D70F1 /* Products */;
			projectDirPath = "";
			projectRoot = "";
			targets = (
				F98047971404ED56001D70F1 /* ux */,
			);
		};
/* End PBXProject section */

/* Begin PBXResourcesBuildPhase section */
		F98047961404ED56001D70F1 /* Resources */ = {
			isa = PBXResourcesBuildPhase;
			buildActionMask = 2147483647;
			files = (
				F98047A71404ED56001D70F1 /* InfoPlist.strings in Resources */,
				F98047B01404ED57001D70F1 /* MainWindow.xib in Resources */,
				F98047C21404EE7A001D70F1 /* 09-chat-2.png in Resources */,
				F98047C31404EE7A001D70F1 /* 59-info.png in Resources */,
				F98047C41404EE7A001D70F1 /* logo.png in Resources */,
				F95011021410085700E0C946 /* Icon@2x.png in Resources */,
				F950110714100A4E00E0C946 /* Icon-Small.png in Resources */,
			);
			runOnlyForDeploymentPostprocessing = 0;
		};
/* End PBXResourcesBuildPhase section */

/* Begin PBXSourcesBuildPhase section */
		F98047941404ED56001D70F1 /* Sources */ = {
			isa = PBXSourcesBuildPhase;
			buildActionMask = 2147483647;
			files = (
				F98047AA1404ED57001D70F1 /* main.m in Sources */,
				F98047AD1404ED57001D70F1 /* uxAppDelegate.m in Sources */,
			);
			runOnlyForDeploymentPostprocessing = 0;
		};
/* End PBXSourcesBuildPhase section */

/* Begin PBXVariantGroup section */
		F98047A51404ED56001D70F1 /* InfoPlist.strings */ = {
			isa = PBXVariantGroup;
			children = (
				F98047A61404ED56001D70F1 /* en */,
			);
			name = InfoPlist.strings;
			sourceTree = "<group>";
		};
		F98047AE1404ED57001D70F1 /* MainWindow.xib */ = {
			isa = PBXVariantGroup;
			children = (
				F98047AF1404ED57001D70F1 /* en */,
			);
			name = MainWindow.xib;
			sourceTree = "<group>";
		};
/* End PBXVariantGroup section */

/* Begin XCBuildConfiguration section */
		F98047B11404ED57001D70F1 /* Debug */ = {
			isa = XCBuildConfiguration;
			buildSettings = {
				ARCHS = "$(ARCHS_STANDARD_32_BIT)";
				"CODE_SIGN_IDENTITY[sdk=iphoneos*]" = "iPhone Developer";
				GCC_C_LANGUAGE_STANDARD = gnu99;
				GCC_OPTIMIZATION_LEVEL = 0;
				GCC_PREPROCESSOR_DEFINITIONS = DEBUG;
				GCC_SYMBOLS_PRIVATE_EXTERN = NO;
				GCC_VERSION = com.apple.compilers.llvmgcc42;
				GCC_WARN_ABOUT_RETURN_TYPE = YES;
				GCC_WARN_UNUSED_VARIABLE = YES;
				IPHONEOS_DEPLOYMENT_TARGET = 4.3;
				SDKROOT = iphoneos;
			};
			name = Debug;
		};
		F98047B21404ED57001D70F1 /* Release */ = {
			isa = XCBuildConfiguration;
			buildSettings = {
				ARCHS = "$(ARCHS_STANDARD_32_BIT)";
				"CODE_SIGN_IDENTITY[sdk=iphoneos*]" = "iPhone Developer";
				GCC_C_LANGUAGE_STANDARD = gnu99;
				GCC_VERSION = com.apple.compilers.llvmgcc42;
				GCC_WARN_ABOUT_RETURN_TYPE = YES;
				GCC_WARN_UNUSED_VARIABLE = YES;
				IPHONEOS_DEPLOYMENT_TARGET = 4.3;
				OTHER_CFLAGS = "-DNS_BLOCK_ASSERTIONS=1";
				SDKROOT = iphoneos;
			};
			name = Release;
		};
		F98047B41404ED57001D70F1 /* Debug */ = {
			isa = XCBuildConfiguration;
			buildSettings = {
				ALWAYS_SEARCH_USER_PATHS = NO;
				COPY_PHASE_STRIP = NO;
				GCC_DYNAMIC_NO_PIC = NO;
				GCC_PRECOMPILE_PREFIX_HEADER = YES;
				GCC_PREFIX_HEADER = "ux/ux-Prefix.pch";
				INFOPLIST_FILE = "ux/ux-Info.plist";
				PRODUCT_NAME = "$(TARGET_NAME)";
				WRAPPER_EXTENSION = app;
			};
			name = Debug;
		};
		F98047B51404ED57001D70F1 /* Release */ = {
			isa = XCBuildConfiguration;
			buildSettings = {
				ALWAYS_SEARCH_USER_PATHS = NO;
				COPY_PHASE_STRIP = YES;
				GCC_PRECOMPILE_PREFIX_HEADER = YES;
				GCC_PREFIX_HEADER = "ux/ux-Prefix.pch";
				INFOPLIST_FILE = "ux/ux-Info.plist";
				PRODUCT_NAME = "$(TARGET_NAME)";
				VALIDATE_PRODUCT = YES;
				WRAPPER_EXTENSION = app;
			};
			name = Release;
		};
/* End XCBuildConfiguration section */

/* Begin XCConfigurationList section */
		F98047921404ED56001D70F1 /* Build configuration list for PBXProject "ux" */ = {
			isa = XCConfigurationList;
			buildConfigurations = (
				F98047B11404ED57001D70F1 /* Debug */,
				F98047B21404ED57001D70F1 /* Release */,
			);
			defaultConfigurationIsVisible = 0;
			defaultConfigurationName = Release;
		};
		F98047B31404ED57001D70F1 /* Build configuration list for PBXNativeTarget "ux" */ = {
			isa = XCConfigurationList;
			buildConfigurations = (
				F98047B41404ED57001D70F1 /* Debug */,
				F98047B51404ED57001D70F1 /* Release */,
			);
			defaultConfigurationIsVisible = 0;
			defaultConfigurationName = Release;
		};
/* End XCConfigurationList section */
	};
	rootObject = F980478F1404ED56001D70F1 /* Project object */;
}
